
Microsoft Visual Studio Solution File, Format Version 12.00
# Visual Studio Version 16
VisualStudioVersion = 16.0.29123.88
MinimumVisualStudioVersion = 10.0.40219.1
Project("{FAE04EC0-301F-11D3-BF4B-00C04F79EFBC}") = "RPSLS", "RPSLS\RPSLS.csproj", "{027E9FDB-B340-4A5A-8D0C-DCD344E62DAD}"
EndProject
Global
	GlobalSection(SolutionConfigurationPlatforms) = preSolution
		Debug|Any CPU = Debug|Any CPU
		Release|Any CPU = Release|Any CPU
	EndGlobalSection
	GlobalSection(ProjectConfigurationPlatforms) = postSolution
		{027E9FDB-B340-4A5A-8D0C-DCD344E62DAD}.Debug|Any CPU.ActiveCfg = Debug|Any CPU
		{027E9FDB-B340-4A5A-8D0C-DCD344E62DAD}.Debug|Any CPU.Build.0 = Debug|Any CPU
		{027E9FDB-B340-4A5A-8D0C-DCD344E62DAD}.Release|Any CPU.ActiveCfg = Release|Any CPU
		{027E9FDB-B340-4A5A-8D0C-DCD344E62DAD}.Release|Any CPU.Build.0 = Release|Any CPU
	EndGlobalSection
	GlobalSection(SolutionProperties) = preSolution
		HideSolutionNode = FALSE
	EndGlobalSection
	GlobalSection(ExtensibilityGlobals) = postSolution
		SolutionGuid = {724E1954-9DFA-447F-ABD4-69E607253C87}
	EndGlobalSection
EndGlobal
